PODS:
  - Capacitor (5.0.5):
    - CapacitorCordova
  - CapacitorCordova (5.0.5)
  - GoogleAds-IMA-iOS-SDK (3.19.2)

DEPENDENCIES:
  - "Capacitor (from `../../node_modules/@capacitor/ios`)"
  - "CapacitorCordova (from `../../node_modules/@capacitor/ios`)"
  - GoogleAds-IMA-iOS-SDK (~> 3.19.1)

SPEC REPOS:
  trunk:
    - GoogleAds-IMA-iOS-SDK

EXTERNAL SOURCES:
  Capacitor:
    :path: "../../node_modules/@capacitor/ios"
  CapacitorCordova:
    :path: "../../node_modules/@capacitor/ios"

SPEC CHECKSUMS:
  Capacitor: b1248915663add1bd6567e2b67c1c1fa3abcf5e8
  CapacitorCordova: f8c06b897c74ee8f7701fe10e6443b40822bc83a
  GoogleAds-IMA-iOS-SDK: 0e817c05ab26f1b9285c80f4a75e1350a916d50b

PODFILE CHECKSUM: 9ef8a03c9f6adcf8bb281c42bf5bb79708a479ad

COCOAPODS: 1.11.3
